
Microsoft Visual Studio Solution File, Format Version 12.00
# Visual Studio Version 17
VisualStudioVersion = 17.5.002.0
MinimumVisualStudioVersion = 10.0.40219.1
Project("{2150E333-8FDC-42A3-9474-1A3956D46DE8}") = "Tests", "Tests", "{449A08D9-0496-418E-8070-520B521F03D1}"
EndProject
Project("{FAE04EC0-301F-11D3-BF4B-00C04F79EFBC}") = "PhoneKeyboardSimulatorTests", "Tests\PhoneKeyboardSimulatorTests\PhoneKeyboardSimulatorTests.csproj", "{B4203235-F1ED-436E-A378-E8BFE81558BB}"
EndProject
Project("{FAE04EC0-301F-11D3-BF4B-00C04F79EFBC}") = "PhoneKeyboardSimulator", "PhoneKeyboardSimulator\PhoneKeyboardSimulator.csproj", "{A6D89C2C-E95C-4C32-89D9-F7C2CA26F1B6}"
EndProject
Global
	GlobalSection(SolutionConfigurationPlatforms) = preSolution
		Debug|Any CPU = Debug|Any CPU
		Release|Any CPU = Release|Any CPU
	EndGlobalSection
	GlobalSection(ProjectConfigurationPlatforms) = postSolution
		{B4203235-F1ED-436E-A378-E8BFE81558BB}.Debug|Any CPU.ActiveCfg = Debug|Any CPU
		{B4203235-F1ED-436E-A378-E8BFE81558BB}.Debug|Any CPU.Build.0 = Debug|Any CPU
		{B4203235-F1ED-436E-A378-E8BFE81558BB}.Release|Any CPU.ActiveCfg = Release|Any CPU
		{B4203235-F1ED-436E-A378-E8BFE81558BB}.Release|Any CPU.Build.0 = Release|Any CPU
		{A6D89C2C-E95C-4C32-89D9-F7C2CA26F1B6}.Debug|Any CPU.ActiveCfg = Debug|Any CPU
		{A6D89C2C-E95C-4C32-89D9-F7C2CA26F1B6}.Debug|Any CPU.Build.0 = Debug|Any CPU
		{A6D89C2C-E95C-4C32-89D9-F7C2CA26F1B6}.Release|Any CPU.ActiveCfg = Release|Any CPU
		{A6D89C2C-E95C-4C32-89D9-F7C2CA26F1B6}.Release|Any CPU.Build.0 = Release|Any CPU
	EndGlobalSection
	GlobalSection(SolutionProperties) = preSolution
		HideSolutionNode = FALSE
	EndGlobalSection
	GlobalSection(ExtensibilityGlobals) = postSolution
		SolutionGuid = {8B3306F3-2EB5-4B89-83B8-38BD6A32F167}
	EndGlobalSection
	GlobalSection(NestedProjects) = preSolution
		{B4203235-F1ED-436E-A378-E8BFE81558BB} = {449A08D9-0496-418E-8070-520B521F03D1}
	EndGlobalSection
EndGlobal
